
Microsoft Visual Studio Solution File, Format Version 12.00
Project("{FAE04EC0-301F-11D3-BF4B-00C04F79EFBC}") = "ManufacturingChips", "ManufacturingChips\ManufacturingChips.csproj", "{F357A23D-5630-4CE5-AC75-2E0111C03DD8}"
EndProject
Global
	GlobalSection(SolutionConfigurationPlatforms) = preSolution
		Debug|Any CPU = Debug|Any CPU
		Release|Any CPU = Release|Any CPU
	EndGlobalSection
	GlobalSection(ProjectConfigurationPlatforms) = postSolution
		{F357A23D-5630-4CE5-AC75-2E0111C03DD8}.Debug|Any CPU.ActiveCfg = Debug|Any CPU
		{F357A23D-5630-4CE5-AC75-2E0111C03DD8}.Debug|Any CPU.Build.0 = Debug|Any CPU
		{F357A23D-5630-4CE5-AC75-2E0111C03DD8}.Release|Any CPU.ActiveCfg = Release|Any CPU
		{F357A23D-5630-4CE5-AC75-2E0111C03DD8}.Release|Any CPU.Build.0 = Release|Any CPU
	EndGlobalSection
EndGlobal
